{
  "version": 4,
  "terraform_version": "0.15.4",
  "serial": 221,
  "lineage": "9745fc61-617e-2de4-dfcc-c7d191730b44",
  "outputs": {},
  "resources": [
    {
      "module": "module.iam",
      "mode": "managed",
      "type": "aws_iam_user",
      "name": "s3_docker_registry_editor",
      "provider": "provider[\"registry.terraform.io/hashicorp/aws\"]",
      "instances": [
        {
          "schema_version": 0,
          "attributes": {
            "arn": "arn:aws:iam::549815925956:user/s3-docker-registry-editor",
            "force_destroy": false,
            "id": "s3-docker-registry-editor",
            "name": "s3-docker-registry-editor",
            "path": "/",
            "permissions_boundary": null,
            "tags": {},
            "tags_all": {},
            "unique_id": "AIDAYAA4VHTCFYKJYVXYA"
          },
          "sensitive_attributes": [],
          "private": "bnVsbA=="
        }
      ]
    },
    {
      "module": "module.iam",
      "mode": "managed",
      "type": "aws_iam_user",
      "name": "s3_docker_registry_reader",
      "provider": "provider[\"registry.terraform.io/hashicorp/aws\"]",
      "instances": [
        {
          "schema_version": 0,
          "attributes": {
            "arn": "arn:aws:iam::549815925956:user/s3-docker-registry-reader",
            "force_destroy": false,
            "id": "s3-docker-registry-reader",
            "name": "s3-docker-registry-reader",
            "path": "/",
            "permissions_boundary": null,
            "tags": {},
            "tags_all": {},
            "unique_id": "AIDAYAA4VHTCJL6HINEXV"
          },
          "sensitive_attributes": [],
          "private": "bnVsbA=="
        }
      ]
    }
  ]
}
