{
  "version": 4,
  "terraform_version": "0.15.4",
  "serial": 176,
  "lineage": "9745fc61-617e-2de4-dfcc-c7d191730b44",
  "outputs": {},
  "resources": [
    {
      "module": "module.iam",
      "mode": "managed",
      "type": "aws_iam_access_key",
      "name": "s3_docker_registry_editor",
      "provider": "provider[\"registry.terraform.io/hashicorp/aws\"]",
      "instances": [
        {
          "schema_version": 0,
          "attributes": {
            "create_date": "2021-07-12T06:31:57Z",
            "encrypted_secret": null,
            "id": "AKIAYAA4VHTCJR7AIOBI",
            "key_fingerprint": null,
            "pgp_key": null,
            "secret": "0SuFr8GGYFOx2TYoGIo9XDhJ2/vZbmY2twI0eOR+",
            "ses_smtp_password_v4": "BBXQ9sX2O1XthJ8FaDW57sreF474YhdmCJi1CEp9M5YX",
            "status": "Active",
            "user": "s3-docker-registry-editor"
          },
          "sensitive_attributes": [],
          "private": "bnVsbA==",
          "dependencies": [
            "module.iam.aws_iam_user.s3_docker_registry_editor"
          ]
        }
      ]
    },
    {
      "module": "module.iam",
      "mode": "managed",
      "type": "aws_iam_access_key",
      "name": "s3_docker_registry_reader",
      "provider": "provider[\"registry.terraform.io/hashicorp/aws\"]",
      "instances": [
        {
          "schema_version": 0,
          "attributes": {
            "create_date": "2021-07-12T06:31:58Z",
            "encrypted_secret": null,
            "id": "AKIAYAA4VHTCGL6C7W66",
            "key_fingerprint": null,
            "pgp_key": null,
            "secret": "QKAw0S1D+kKkzKT691lC+BC02fP612upbfz0qrL1",
            "ses_smtp_password_v4": "BNXfbF2+0UVcG3V0PzyA1FBbzHN6kTkHsAx3TUBljHAL",
            "status": "Active",
            "user": "s3-docker-registry-reader"
          },
          "sensitive_attributes": [],
          "private": "bnVsbA==",
          "dependencies": [
            "module.iam.aws_iam_user.s3_docker_registry_reader"
          ]
        }
      ]
    },
    {
      "module": "module.iam",
      "mode": "managed",
      "type": "aws_iam_user",
      "name": "s3_docker_registry_editor",
      "provider": "provider[\"registry.terraform.io/hashicorp/aws\"]",
      "instances": [
        {
          "schema_version": 0,
          "attributes": {
            "arn": "arn:aws:iam::549815925956:user/s3-docker-registry-editor",
            "force_destroy": false,
            "id": "s3-docker-registry-editor",
            "name": "s3-docker-registry-editor",
            "path": "/",
            "permissions_boundary": null,
            "tags": {},
            "tags_all": {},
            "unique_id": "AIDAYAA4VHTCFYKJYVXYA"
          },
          "sensitive_attributes": [],
          "private": "bnVsbA=="
        }
      ]
    },
    {
      "module": "module.iam",
      "mode": "managed",
      "type": "aws_iam_user",
      "name": "s3_docker_registry_reader",
      "provider": "provider[\"registry.terraform.io/hashicorp/aws\"]",
      "instances": [
        {
          "schema_version": 0,
          "attributes": {
            "arn": "arn:aws:iam::549815925956:user/s3-docker-registry-reader",
            "force_destroy": false,
            "id": "s3-docker-registry-reader",
            "name": "s3-docker-registry-reader",
            "path": "/",
            "permissions_boundary": null,
            "tags": {},
            "tags_all": {},
            "unique_id": "AIDAYAA4VHTCJL6HINEXV"
          },
          "sensitive_attributes": [],
          "private": "bnVsbA=="
        }
      ]
    },
    {
      "module": "module.iam",
      "mode": "managed",
      "type": "aws_iam_user_policy",
      "name": "s3_docker_registry_editor_policy",
      "provider": "provider[\"registry.terraform.io/hashicorp/aws\"]",
      "instances": [
        {
          "schema_version": 0,
          "attributes": {
            "id": "s3-docker-registry-editor:docker-registry-editor-policy",
            "name": "docker-registry-editor-policy",
            "name_prefix": null,
            "policy": "{\n  \"Version\": \"2012-10-17\",\n  \"Statement\": [\n    {\n      \"Action\": [\n        \"s3:PutObject\",\n        \"s3:PutObjectAcl\"\n        ],\n      \"Effect\": \"Allow\",\n      \"Resource\": [\n          \"arn:aws:s3:::docker-registry\",\n          \"arn:aws:s3:::docker-registry/*\"\n        ]\n    }\n  ]\n}\n",
            "user": "s3-docker-registry-editor"
          },
          "sensitive_attributes": [],
          "private": "bnVsbA==",
          "dependencies": [
            "module.iam.aws_iam_user.s3_docker_registry_editor"
          ]
        }
      ]
    },
    {
      "module": "module.iam",
      "mode": "managed",
      "type": "aws_iam_user_policy",
      "name": "s3_docker_registry_reader_policy",
      "provider": "provider[\"registry.terraform.io/hashicorp/aws\"]",
      "instances": [
        {
          "schema_version": 0,
          "attributes": {
            "id": "s3-docker-registry-reader:docker-registry-reader-policy",
            "name": "docker-registry-reader-policy",
            "name_prefix": null,
            "policy": "{\n  \"Version\": \"2012-10-17\",\n  \"Statement\": [\n    {\n      \"Action\": [\n        \"s3:GetObject\",\n        \"s3:GetObjectVersion\"\n        ],\n      \"Effect\": \"Allow\",\n      \"Resource\": [\n          \"arn:aws:s3:::docker-registry\",\n          \"arn:aws:s3:::docker-registry/*\"\n        ]\n    }\n  ]\n}\n",
            "user": "s3-docker-registry-reader"
          },
          "sensitive_attributes": [],
          "private": "bnVsbA==",
          "dependencies": [
            "module.iam.aws_iam_user.s3_docker_registry_reader"
          ]
        }
      ]
    },
    {
      "module": "module.instances",
      "mode": "data",
      "type": "aws_ami",
      "name": "ubuntu",
      "provider": "provider[\"registry.terraform.io/hashicorp/aws\"]",
      "instances": [
        {
          "schema_version": 0,
          "attributes": {
            "architecture": "x86_64",
            "arn": "arn:aws:ec2:us-east-1::image/ami-0dd76f917833aac4b",
            "block_device_mappings": [
              {
                "device_name": "/dev/sda1",
                "ebs": {
                  "delete_on_termination": "true",
                  "encrypted": "false",
                  "iops": "0",
                  "snapshot_id": "snap-0575f9666981a797f",
                  "throughput": "0",
                  "volume_size": "8",
                  "volume_type": "gp2"
                },
                "no_device": "",
                "virtual_name": ""
              },
              {
                "device_name": "/dev/sdb",
                "ebs": {},
                "no_device": "",
                "virtual_name": "ephemeral0"
              },
              {
                "device_name": "/dev/sdc",
                "ebs": {},
                "no_device": "",
                "virtual_name": "ephemeral1"
              }
            ],
            "creation_date": "2021-06-22T20:54:40.000Z",
            "description": "Canonical, Ubuntu, 20.04 LTS, amd64 focal image build on 2021-06-21",
            "ena_support": true,
            "executable_users": null,
            "filter": [
              {
                "name": "name",
                "values": [
                  "ubuntu/images/hvm-ssd/ubuntu-focal-20.04-amd64-server-*"
                ]
              },
              {
                "name": "virtualization-type",
                "values": [
                  "hvm"
                ]
              }
            ],
            "hypervisor": "xen",
            "id": "ami-0dd76f917833aac4b",
            "image_id": "ami-0dd76f917833aac4b",
            "image_location": "099720109477/ubuntu/images/hvm-ssd/ubuntu-focal-20.04-amd64-server-20210621",
            "image_owner_alias": null,
            "image_type": "machine",
            "kernel_id": null,
            "most_recent": true,
            "name": "ubuntu/images/hvm-ssd/ubuntu-focal-20.04-amd64-server-20210621",
            "name_regex": null,
            "owner_id": "099720109477",
            "owners": [
              "099720109477"
            ],
            "platform": null,
            "platform_details": "Linux/UNIX",
            "product_codes": [],
            "public": true,
            "ramdisk_id": null,
            "root_device_name": "/dev/sda1",
            "root_device_type": "ebs",
            "root_snapshot_id": "snap-0575f9666981a797f",
            "sriov_net_support": "simple",
            "state": "available",
            "state_reason": {
              "code": "UNSET",
              "message": "UNSET"
            },
            "tags": {},
            "usage_operation": "RunInstances",
            "virtualization_type": "hvm"
          },
          "sensitive_attributes": []
        }
      ]
    },
    {
      "module": "module.instances",
      "mode": "managed",
      "type": "aws_instance",
      "name": "app_private_instance1_subnet1",
      "provider": "provider[\"registry.terraform.io/hashicorp/aws\"]",
      "instances": [
        {
          "schema_version": 1,
          "attributes": {
            "ami": "ami-0dd76f917833aac4b",
            "arn": "arn:aws:ec2:us-east-1:549815925956:instance/i-025984bc93660e446",
            "associate_public_ip_address": false,
            "availability_zone": "us-east-1a",
            "capacity_reservation_specification": [
              {
                "capacity_reservation_preference": "open",
                "capacity_reservation_target": []
              }
            ],
            "cpu_core_count": 1,
            "cpu_threads_per_core": 2,
            "credit_specification": [
              {
                "cpu_credits": "unlimited"
              }
            ],
            "disable_api_termination": false,
            "ebs_block_device": [],
            "ebs_optimized": false,
            "enclave_options": [
              {
                "enabled": false
              }
            ],
            "ephemeral_block_device": [],
            "get_password_data": false,
            "hibernation": false,
            "host_id": null,
            "iam_instance_profile": "",
            "id": "i-025984bc93660e446",
            "instance_initiated_shutdown_behavior": "stop",
            "instance_state": "running",
            "instance_type": "t3.micro",
            "ipv6_address_count": 0,
            "ipv6_addresses": [],
            "key_name": "terra-hello-key",
            "metadata_options": [
              {
                "http_endpoint": "enabled",
                "http_put_response_hop_limit": 1,
                "http_tokens": "optional"
              }
            ],
            "monitoring": false,
            "network_interface": [],
            "outpost_arn": "",
            "password_data": "",
            "placement_group": "",
            "primary_network_interface_id": "eni-005997da71a490332",
            "private_dns": "ip-10-0-2-119.ec2.internal",
            "private_ip": "10.0.2.119",
            "public_dns": "",
            "public_ip": "",
            "root_block_device": [
              {
                "delete_on_termination": true,
                "device_name": "/dev/sda1",
                "encrypted": false,
                "iops": 100,
                "kms_key_id": "",
                "tags": {},
                "throughput": 0,
                "volume_id": "vol-01ebb217ab9dc6407",
                "volume_size": 8,
                "volume_type": "gp2"
              }
            ],
            "secondary_private_ips": [],
            "security_groups": [],
            "source_dest_check": true,
            "subnet_id": "subnet-0982b60a4c83c5768",
            "tags": {
              "Name": "app-private-instance1-sub1"
            },
            "tags_all": {
              "Name": "app-private-instance1-sub1"
            },
            "tenancy": "default",
            "timeouts": null,
            "user_data": null,
            "user_data_base64": null,
            "volume_tags": null,
            "vpc_security_group_ids": [
              "sg-0ebc30da9c9c29a3b"
            ]
          },
          "sensitive_attributes": [],
          "private": "eyJlMmJmYjczMC1lY2FhLTExZTYtOGY4OC0zNDM2M2JjN2M0YzAiOnsiY3JlYXRlIjo2MDAwMDAwMDAwMDAsImRlbGV0ZSI6MTIwMDAwMDAwMDAwMCwidXBkYXRlIjo2MDAwMDAwMDAwMDB9LCJzY2hlbWFfdmVyc2lvbiI6IjEifQ==",
          "dependencies": [
            "module.instances.data.aws_ami.ubuntu",
            "module.network.aws_security_group.private_http_ssh",
            "module.network.aws_subnet.private_subnet1",
            "module.network.aws_vpc.main",
            "module.instances.aws_key_pair.instance_key"
          ]
        }
      ]
    },
    {
      "module": "module.instances",
      "mode": "managed",
      "type": "aws_instance",
      "name": "app_private_instance1_subnet2",
      "provider": "provider[\"registry.terraform.io/hashicorp/aws\"]",
      "instances": [
        {
          "schema_version": 1,
          "attributes": {
            "ami": "ami-0dd76f917833aac4b",
            "arn": "arn:aws:ec2:us-east-1:549815925956:instance/i-081636cf480968408",
            "associate_public_ip_address": false,
            "availability_zone": "us-east-1b",
            "capacity_reservation_specification": [
              {
                "capacity_reservation_preference": "open",
                "capacity_reservation_target": []
              }
            ],
            "cpu_core_count": 1,
            "cpu_threads_per_core": 2,
            "credit_specification": [
              {
                "cpu_credits": "unlimited"
              }
            ],
            "disable_api_termination": false,
            "ebs_block_device": [],
            "ebs_optimized": false,
            "enclave_options": [
              {
                "enabled": false
              }
            ],
            "ephemeral_block_device": [],
            "get_password_data": false,
            "hibernation": false,
            "host_id": null,
            "iam_instance_profile": "",
            "id": "i-081636cf480968408",
            "instance_initiated_shutdown_behavior": "stop",
            "instance_state": "running",
            "instance_type": "t3.micro",
            "ipv6_address_count": 0,
            "ipv6_addresses": [],
            "key_name": "terra-hello-key",
            "metadata_options": [
              {
                "http_endpoint": "enabled",
                "http_put_response_hop_limit": 1,
                "http_tokens": "optional"
              }
            ],
            "monitoring": false,
            "network_interface": [],
            "outpost_arn": "",
            "password_data": "",
            "placement_group": "",
            "primary_network_interface_id": "eni-0ebd312ce68de1cdc",
            "private_dns": "ip-10-0-4-147.ec2.internal",
            "private_ip": "10.0.4.147",
            "public_dns": "",
            "public_ip": "",
            "root_block_device": [
              {
                "delete_on_termination": true,
                "device_name": "/dev/sda1",
                "encrypted": false,
                "iops": 100,
                "kms_key_id": "",
                "tags": {},
                "throughput": 0,
                "volume_id": "vol-00f8a4952694915b0",
                "volume_size": 8,
                "volume_type": "gp2"
              }
            ],
            "secondary_private_ips": [],
            "security_groups": [],
            "source_dest_check": true,
            "subnet_id": "subnet-04fc38c56fc6245c9",
            "tags": {
              "Name": "app-private-instance1-sub2"
            },
            "tags_all": {
              "Name": "app-private-instance1-sub2"
            },
            "tenancy": "default",
            "timeouts": null,
            "user_data": null,
            "user_data_base64": null,
            "volume_tags": null,
            "vpc_security_group_ids": [
              "sg-0ebc30da9c9c29a3b"
            ]
          },
          "sensitive_attributes": [],
          "private": "eyJlMmJmYjczMC1lY2FhLTExZTYtOGY4OC0zNDM2M2JjN2M0YzAiOnsiY3JlYXRlIjo2MDAwMDAwMDAwMDAsImRlbGV0ZSI6MTIwMDAwMDAwMDAwMCwidXBkYXRlIjo2MDAwMDAwMDAwMDB9LCJzY2hlbWFfdmVyc2lvbiI6IjEifQ==",
          "dependencies": [
            "module.instances.data.aws_ami.ubuntu",
            "module.network.aws_security_group.private_http_ssh",
            "module.network.aws_subnet.private_subnet2",
            "module.network.aws_vpc.main",
            "module.instances.aws_key_pair.instance_key"
          ]
        }
      ]
    },
    {
      "module": "module.instances",
      "mode": "managed",
      "type": "aws_instance",
      "name": "app_private_instance2_subnet1",
      "provider": "provider[\"registry.terraform.io/hashicorp/aws\"]",
      "instances": [
        {
          "schema_version": 1,
          "attributes": {
            "ami": "ami-0dd76f917833aac4b",
            "arn": "arn:aws:ec2:us-east-1:549815925956:instance/i-0e7b15b802acb9078",
            "associate_public_ip_address": false,
            "availability_zone": "us-east-1a",
            "capacity_reservation_specification": [
              {
                "capacity_reservation_preference": "open",
                "capacity_reservation_target": []
              }
            ],
            "cpu_core_count": 1,
            "cpu_threads_per_core": 2,
            "credit_specification": [
              {
                "cpu_credits": "unlimited"
              }
            ],
            "disable_api_termination": false,
            "ebs_block_device": [],
            "ebs_optimized": false,
            "enclave_options": [
              {
                "enabled": false
              }
            ],
            "ephemeral_block_device": [],
            "get_password_data": false,
            "hibernation": false,
            "host_id": null,
            "iam_instance_profile": "",
            "id": "i-0e7b15b802acb9078",
            "instance_initiated_shutdown_behavior": "stop",
            "instance_state": "running",
            "instance_type": "t3.micro",
            "ipv6_address_count": 0,
            "ipv6_addresses": [],
            "key_name": "terra-hello-key",
            "metadata_options": [
              {
                "http_endpoint": "enabled",
                "http_put_response_hop_limit": 1,
                "http_tokens": "optional"
              }
            ],
            "monitoring": false,
            "network_interface": [],
            "outpost_arn": "",
            "password_data": "",
            "placement_group": "",
            "primary_network_interface_id": "eni-0875cfeb1ef5def18",
            "private_dns": "ip-10-0-2-122.ec2.internal",
            "private_ip": "10.0.2.122",
            "public_dns": "",
            "public_ip": "",
            "root_block_device": [
              {
                "delete_on_termination": true,
                "device_name": "/dev/sda1",
                "encrypted": false,
                "iops": 100,
                "kms_key_id": "",
                "tags": {},
                "throughput": 0,
                "volume_id": "vol-00f912cae76a78a5b",
                "volume_size": 8,
                "volume_type": "gp2"
              }
            ],
            "secondary_private_ips": [],
            "security_groups": [],
            "source_dest_check": true,
            "subnet_id": "subnet-0982b60a4c83c5768",
            "tags": {
              "Name": "app-private-instance2-sub1"
            },
            "tags_all": {
              "Name": "app-private-instance2-sub1"
            },
            "tenancy": "default",
            "timeouts": null,
            "user_data": null,
            "user_data_base64": null,
            "volume_tags": null,
            "vpc_security_group_ids": [
              "sg-0ebc30da9c9c29a3b"
            ]
          },
          "sensitive_attributes": [],
          "private": "eyJlMmJmYjczMC1lY2FhLTExZTYtOGY4OC0zNDM2M2JjN2M0YzAiOnsiY3JlYXRlIjo2MDAwMDAwMDAwMDAsImRlbGV0ZSI6MTIwMDAwMDAwMDAwMCwidXBkYXRlIjo2MDAwMDAwMDAwMDB9LCJzY2hlbWFfdmVyc2lvbiI6IjEifQ==",
          "dependencies": [
            "module.network.aws_vpc.main",
            "module.instances.aws_key_pair.instance_key",
            "module.instances.data.aws_ami.ubuntu",
            "module.network.aws_security_group.private_http_ssh",
            "module.network.aws_subnet.private_subnet1"
          ]
        }
      ]
    },
    {
      "module": "module.instances",
      "mode": "managed",
      "type": "aws_instance",
      "name": "bastion_subnet1",
      "provider": "provider[\"registry.terraform.io/hashicorp/aws\"]",
      "instances": [
        {
          "schema_version": 1,
          "attributes": {
            "ami": "ami-0dd76f917833aac4b",
            "arn": "arn:aws:ec2:us-east-1:549815925956:instance/i-02047328ed4c28b66",
            "associate_public_ip_address": true,
            "availability_zone": "us-east-1a",
            "capacity_reservation_specification": [
              {
                "capacity_reservation_preference": "open",
                "capacity_reservation_target": []
              }
            ],
            "cpu_core_count": 1,
            "cpu_threads_per_core": 2,
            "credit_specification": [
              {
                "cpu_credits": "unlimited"
              }
            ],
            "disable_api_termination": false,
            "ebs_block_device": [],
            "ebs_optimized": false,
            "enclave_options": [
              {
                "enabled": false
              }
            ],
            "ephemeral_block_device": [],
            "get_password_data": false,
            "hibernation": false,
            "host_id": null,
            "iam_instance_profile": "",
            "id": "i-02047328ed4c28b66",
            "instance_initiated_shutdown_behavior": "stop",
            "instance_state": "running",
            "instance_type": "t3.micro",
            "ipv6_address_count": 0,
            "ipv6_addresses": [],
            "key_name": "terra-hello-key",
            "metadata_options": [
              {
                "http_endpoint": "enabled",
                "http_put_response_hop_limit": 1,
                "http_tokens": "optional"
              }
            ],
            "monitoring": false,
            "network_interface": [],
            "outpost_arn": "",
            "password_data": "",
            "placement_group": "",
            "primary_network_interface_id": "eni-0bff58668603d53e9",
            "private_dns": "ip-10-0-1-140.ec2.internal",
            "private_ip": "10.0.1.140",
            "public_dns": "",
            "public_ip": "3.83.36.1",
            "root_block_device": [
              {
                "delete_on_termination": true,
                "device_name": "/dev/sda1",
                "encrypted": false,
                "iops": 100,
                "kms_key_id": "",
                "tags": {},
                "throughput": 0,
                "volume_id": "vol-0f9abc35392862db0",
                "volume_size": 8,
                "volume_type": "gp2"
              }
            ],
            "secondary_private_ips": [],
            "security_groups": [],
            "source_dest_check": true,
            "subnet_id": "subnet-07aedc0273fb0cf9b",
            "tags": {
              "Name": "bastion-1"
            },
            "tags_all": {
              "Name": "bastion-1"
            },
            "tenancy": "default",
            "timeouts": null,
            "user_data": null,
            "user_data_base64": null,
            "volume_tags": null,
            "vpc_security_group_ids": [
              "sg-02d7fb0a6bb22c679"
            ]
          },
          "sensitive_attributes": [],
          "private": "eyJlMmJmYjczMC1lY2FhLTExZTYtOGY4OC0zNDM2M2JjN2M0YzAiOnsiY3JlYXRlIjo2MDAwMDAwMDAwMDAsImRlbGV0ZSI6MTIwMDAwMDAwMDAwMCwidXBkYXRlIjo2MDAwMDAwMDAwMDB9LCJzY2hlbWFfdmVyc2lvbiI6IjEifQ==",
          "dependencies": [
            "module.network.aws_subnet.public_subnet1",
            "module.network.aws_vpc.main",
            "module.instances.aws_key_pair.instance_key",
            "module.instances.data.aws_ami.ubuntu",
            "module.network.aws_internet_gateway.igw",
            "module.network.aws_security_group.alb_default_sec_grp",
            "module.network.aws_security_group.default_http_ssh"
          ]
        }
      ]
    },
    {
      "module": "module.instances",
      "mode": "managed",
      "type": "aws_instance",
      "name": "bastion_subnet2",
      "provider": "provider[\"registry.terraform.io/hashicorp/aws\"]",
      "instances": [
        {
          "schema_version": 1,
          "attributes": {
            "ami": "ami-0dd76f917833aac4b",
            "arn": "arn:aws:ec2:us-east-1:549815925956:instance/i-0963e2a2c364a3bac",
            "associate_public_ip_address": true,
            "availability_zone": "us-east-1b",
            "capacity_reservation_specification": [
              {
                "capacity_reservation_preference": "open",
                "capacity_reservation_target": []
              }
            ],
            "cpu_core_count": 1,
            "cpu_threads_per_core": 2,
            "credit_specification": [
              {
                "cpu_credits": "unlimited"
              }
            ],
            "disable_api_termination": false,
            "ebs_block_device": [],
            "ebs_optimized": false,
            "enclave_options": [
              {
                "enabled": false
              }
            ],
            "ephemeral_block_device": [],
            "get_password_data": false,
            "hibernation": false,
            "host_id": null,
            "iam_instance_profile": "",
            "id": "i-0963e2a2c364a3bac",
            "instance_initiated_shutdown_behavior": "stop",
            "instance_state": "running",
            "instance_type": "t3.micro",
            "ipv6_address_count": 0,
            "ipv6_addresses": [],
            "key_name": "terra-hello-key",
            "metadata_options": [
              {
                "http_endpoint": "enabled",
                "http_put_response_hop_limit": 1,
                "http_tokens": "optional"
              }
            ],
            "monitoring": false,
            "network_interface": [],
            "outpost_arn": "",
            "password_data": "",
            "placement_group": "",
            "primary_network_interface_id": "eni-0e415ddbd902760d1",
            "private_dns": "ip-10-0-3-77.ec2.internal",
            "private_ip": "10.0.3.77",
            "public_dns": "",
            "public_ip": "54.166.7.89",
            "root_block_device": [
              {
                "delete_on_termination": true,
                "device_name": "/dev/sda1",
                "encrypted": false,
                "iops": 100,
                "kms_key_id": "",
                "tags": {},
                "throughput": 0,
                "volume_id": "vol-0a9bdf795c38f3ff6",
                "volume_size": 8,
                "volume_type": "gp2"
              }
            ],
            "secondary_private_ips": [],
            "security_groups": [],
            "source_dest_check": true,
            "subnet_id": "subnet-07e26f75287d9785e",
            "tags": {
              "Name": "bastion-2"
            },
            "tags_all": {
              "Name": "bastion-2"
            },
            "tenancy": "default",
            "timeouts": null,
            "user_data": null,
            "user_data_base64": null,
            "volume_tags": null,
            "vpc_security_group_ids": [
              "sg-02d7fb0a6bb22c679"
            ]
          },
          "sensitive_attributes": [],
          "private": "eyJlMmJmYjczMC1lY2FhLTExZTYtOGY4OC0zNDM2M2JjN2M0YzAiOnsiY3JlYXRlIjo2MDAwMDAwMDAwMDAsImRlbGV0ZSI6MTIwMDAwMDAwMDAwMCwidXBkYXRlIjo2MDAwMDAwMDAwMDB9LCJzY2hlbWFfdmVyc2lvbiI6IjEifQ==",
          "dependencies": [
            "module.network.aws_security_group.alb_default_sec_grp",
            "module.network.aws_security_group.default_http_ssh",
            "module.network.aws_subnet.public_subnet2",
            "module.network.aws_vpc.main",
            "module.instances.aws_key_pair.instance_key",
            "module.instances.data.aws_ami.ubuntu",
            "module.network.aws_internet_gateway.igw"
          ]
        }
      ]
    },
    {
      "module": "module.instances",
      "mode": "managed",
      "type": "aws_key_pair",
      "name": "instance_key",
      "provider": "provider[\"registry.terraform.io/hashicorp/aws\"]",
      "instances": [
        {
          "schema_version": 1,
          "attributes": {
            "arn": "arn:aws:ec2:us-east-1:549815925956:key-pair/terra-hello-key",
            "fingerprint": "47:37:54:18:46:5a:ee:32:c9:0b:77:88:7f:08:14:fc",
            "id": "terra-hello-key",
            "key_name": "terra-hello-key",
            "key_name_prefix": null,
            "key_pair_id": "key-09bd74ede1f3861da",
            "public_key": "ssh-rsa AAAAB3NzaC1yc2EAAAADAQABAAACAQDcuylOjETv4uE331AkKnd9gFR+fLzO2WOwSyAH/EejXW+T2N1MkRGFKNkA/jewn/hfQ+t5acNUBo+QsCSrm1f1m8hBqpoDwSTG6BUuAhJ5t0NxcOcGHixQ407qJN9AoliLEyZ0/1oR+QYpy84y3bP0+/Nd0xF9iOmQAQVMRSnPYei3YOfQH5Vk/L7hqXVRJc+et7WLo1VXYo1F9SuQ5rosm9jVzLytjn+09K6t1YfsEASl0FjswaQABy1EXkYGgrlrb4vg7ccljbu2lLUxeK50EcxR56NDuUAAE8lhumZ4CSpZsz2t00fNKSznsHQg6K7flx9W1M8p2oB3eV64b2PCqbGVe7Cs19IIHXnBiKAcvlvSI2p8cfn8vfGJlp2EmWGMN/+HPN0LYhj4e4zB90TDIe7FGkswuXlXJRwmiXK4qEMqE2NE2YW0ve8AwgVThhiWmz+urVnsAcgDX0hd5ccxgLT8eYmE3GxPIj4cI/uSRx8Q4dVM3NQCXlQ3uKro7/e65s4w3M/PF1yu2Dl1IvflZ8fseD+rmTuCustjK1a/ZC36h4KHKNFqRkJ1uSlBhvutgKQXFZeme+nGBiUKQICeemz8lRKVKsm3+IeZdyCGj5db+XXRnwMMwrfyih60LtQLYF5E9bcAXr2ouPDY7Qc63JyFCwU93VRbA9LJXDibww== utkarshamone@gmail.com",
            "tags": {},
            "tags_all": {}
          },
          "sensitive_attributes": [],
          "private": "eyJzY2hlbWFfdmVyc2lvbiI6IjEifQ=="
        }
      ]
    },
    {
      "module": "module.load_balancers",
      "mode": "managed",
      "type": "aws_lb",
      "name": "main",
      "provider": "provider[\"registry.terraform.io/hashicorp/aws\"]",
      "instances": [
        {
          "schema_version": 0,
          "attributes": {
            "access_logs": [
              {
                "bucket": "",
                "enabled": false,
                "prefix": ""
              }
            ],
            "arn": "arn:aws:elasticloadbalancing:us-east-1:549815925956:loadbalancer/app/terraform-hello-main-alb/ecbd222727684bb5",
            "arn_suffix": "app/terraform-hello-main-alb/ecbd222727684bb5",
            "customer_owned_ipv4_pool": "",
            "dns_name": "terraform-hello-main-alb-1797053363.us-east-1.elb.amazonaws.com",
            "drop_invalid_header_fields": false,
            "enable_cross_zone_load_balancing": null,
            "enable_deletion_protection": false,
            "enable_http2": true,
            "id": "arn:aws:elasticloadbalancing:us-east-1:549815925956:loadbalancer/app/terraform-hello-main-alb/ecbd222727684bb5",
            "idle_timeout": 60,
            "internal": false,
            "ip_address_type": "ipv4",
            "load_balancer_type": "application",
            "name": "terraform-hello-main-alb",
            "name_prefix": null,
            "security_groups": [
              "sg-03317b2a417d35f96"
            ],
            "subnet_mapping": [
              {
                "allocation_id": "",
                "ipv6_address": "",
                "outpost_id": "",
                "private_ipv4_address": "",
                "subnet_id": "subnet-07aedc0273fb0cf9b"
              },
              {
                "allocation_id": "",
                "ipv6_address": "",
                "outpost_id": "",
                "private_ipv4_address": "",
                "subnet_id": "subnet-07e26f75287d9785e"
              }
            ],
            "subnets": [
              "subnet-07aedc0273fb0cf9b",
              "subnet-07e26f75287d9785e"
            ],
            "tags": {
              "Name": "terraform-hello-main-alb"
            },
            "tags_all": {
              "Name": "terraform-hello-main-alb"
            },
            "timeouts": null,
            "vpc_id": "vpc-0f4ca73d535fda838",
            "zone_id": "Z35SXDOTRQ7X7K"
          },
          "sensitive_attributes": [],
          "private": "eyJlMmJmYjczMC1lY2FhLTExZTYtOGY4OC0zNDM2M2JjN2M0YzAiOnsiY3JlYXRlIjo2MDAwMDAwMDAwMDAsImRlbGV0ZSI6NjAwMDAwMDAwMDAwLCJ1cGRhdGUiOjYwMDAwMDAwMDAwMH19",
          "dependencies": [
            "module.network.aws_internet_gateway.igw",
            "module.network.aws_security_group.alb_default_sec_grp",
            "module.network.aws_subnet.public_subnet1",
            "module.network.aws_subnet.public_subnet2",
            "module.network.aws_vpc.main"
          ]
        }
      ]
    },
    {
      "module": "module.load_balancers",
      "mode": "managed",
      "type": "aws_lb_listener",
      "name": "default",
      "provider": "provider[\"registry.terraform.io/hashicorp/aws\"]",
      "instances": [
        {
          "schema_version": 0,
          "attributes": {
            "alpn_policy": null,
            "arn": "arn:aws:elasticloadbalancing:us-east-1:549815925956:listener/app/terraform-hello-main-alb/ecbd222727684bb5/2990fe700744c934",
            "certificate_arn": null,
            "default_action": [
              {
                "authenticate_cognito": [],
                "authenticate_oidc": [],
                "fixed_response": [],
                "forward": [],
                "order": 1,
                "redirect": [],
                "target_group_arn": "arn:aws:elasticloadbalancing:us-east-1:549815925956:targetgroup/terraform-hello-app1/cd32cff74c9cb4e4",
                "type": "forward"
              }
            ],
            "id": "arn:aws:elasticloadbalancing:us-east-1:549815925956:listener/app/terraform-hello-main-alb/ecbd222727684bb5/2990fe700744c934",
            "load_balancer_arn": "arn:aws:elasticloadbalancing:us-east-1:549815925956:loadbalancer/app/terraform-hello-main-alb/ecbd222727684bb5",
            "port": 80,
            "protocol": "HTTP",
            "ssl_policy": "",
            "tags": {},
            "tags_all": {},
            "timeouts": null
          },
          "sensitive_attributes": [],
          "private": "eyJlMmJmYjczMC1lY2FhLTExZTYtOGY4OC0zNDM2M2JjN2M0YzAiOnsicmVhZCI6NjAwMDAwMDAwMDAwfX0=",
          "dependencies": [
            "module.load_balancers.aws_lb_target_group.target_group_app1",
            "module.network.aws_internet_gateway.igw",
            "module.network.aws_security_group.alb_default_sec_grp",
            "module.network.aws_subnet.public_subnet1",
            "module.network.aws_subnet.public_subnet2",
            "module.network.aws_vpc.main",
            "module.load_balancers.aws_lb.main"
          ]
        }
      ]
    },
    {
      "module": "module.load_balancers",
      "mode": "managed",
      "type": "aws_lb_target_group",
      "name": "target_group_app1",
      "provider": "provider[\"registry.terraform.io/hashicorp/aws\"]",
      "instances": [
        {
          "schema_version": 0,
          "attributes": {
            "arn": "arn:aws:elasticloadbalancing:us-east-1:549815925956:targetgroup/terraform-hello-app1/cd32cff74c9cb4e4",
            "arn_suffix": "targetgroup/terraform-hello-app1/cd32cff74c9cb4e4",
            "deregistration_delay": 1800,
            "health_check": [
              {
                "enabled": true,
                "healthy_threshold": 5,
                "interval": 30,
                "matcher": "200",
                "path": "/",
                "port": "traffic-port",
                "protocol": "HTTP",
                "timeout": 5,
                "unhealthy_threshold": 2
              }
            ],
            "id": "arn:aws:elasticloadbalancing:us-east-1:549815925956:targetgroup/terraform-hello-app1/cd32cff74c9cb4e4",
            "lambda_multi_value_headers_enabled": false,
            "load_balancing_algorithm_type": "round_robin",
            "name": "terraform-hello-app1",
            "name_prefix": null,
            "port": 80,
            "preserve_client_ip": null,
            "protocol": "HTTP",
            "protocol_version": "HTTP1",
            "proxy_protocol_v2": false,
            "slow_start": 0,
            "stickiness": [
              {
                "cookie_duration": 86400,
                "cookie_name": "",
                "enabled": false,
                "type": "lb_cookie"
              }
            ],
            "tags": {},
            "tags_all": {},
            "target_type": "instance",
            "vpc_id": "vpc-0f4ca73d535fda838"
          },
          "sensitive_attributes": [],
          "private": "bnVsbA==",
          "dependencies": [
            "module.network.aws_vpc.main"
          ]
        }
      ]
    },
    {
      "module": "module.load_balancers",
      "mode": "managed",
      "type": "aws_lb_target_group_attachment",
      "name": "targets_app1_target1",
      "provider": "provider[\"registry.terraform.io/hashicorp/aws\"]",
      "instances": [
        {
          "schema_version": 0,
          "attributes": {
            "availability_zone": null,
            "id": "arn:aws:elasticloadbalancing:us-east-1:549815925956:targetgroup/terraform-hello-app1/cd32cff74c9cb4e4-20210712062705523300000004",
            "port": 80,
            "target_group_arn": "arn:aws:elasticloadbalancing:us-east-1:549815925956:targetgroup/terraform-hello-app1/cd32cff74c9cb4e4",
            "target_id": "i-025984bc93660e446"
          },
          "sensitive_attributes": [],
          "private": "bnVsbA==",
          "dependencies": [
            "module.load_balancers.aws_lb_target_group.target_group_app1",
            "module.network.aws_security_group.private_http_ssh",
            "module.network.aws_subnet.private_subnet1",
            "module.network.aws_vpc.main",
            "module.instances.aws_instance.app_private_instance1_subnet1",
            "module.instances.aws_key_pair.instance_key",
            "module.instances.data.aws_ami.ubuntu"
          ]
        }
      ]
    },
    {
      "module": "module.load_balancers",
      "mode": "managed",
      "type": "aws_lb_target_group_attachment",
      "name": "targets_app1_target2",
      "provider": "provider[\"registry.terraform.io/hashicorp/aws\"]",
      "instances": [
        {
          "schema_version": 0,
          "attributes": {
            "availability_zone": null,
            "id": "arn:aws:elasticloadbalancing:us-east-1:549815925956:targetgroup/terraform-hello-app1/cd32cff74c9cb4e4-20210712062705485100000003",
            "port": 80,
            "target_group_arn": "arn:aws:elasticloadbalancing:us-east-1:549815925956:targetgroup/terraform-hello-app1/cd32cff74c9cb4e4",
            "target_id": "i-025984bc93660e446"
          },
          "sensitive_attributes": [],
          "private": "bnVsbA==",
          "dependencies": [
            "module.network.aws_vpc.main",
            "module.instances.aws_instance.app_private_instance1_subnet1",
            "module.instances.aws_key_pair.instance_key",
            "module.instances.data.aws_ami.ubuntu",
            "module.load_balancers.aws_lb_target_group.target_group_app1",
            "module.network.aws_security_group.private_http_ssh",
            "module.network.aws_subnet.private_subnet1"
          ]
        }
      ]
    },
    {
      "module": "module.load_balancers",
      "mode": "managed",
      "type": "aws_lb_target_group_attachment",
      "name": "targets_app1_target3",
      "provider": "provider[\"registry.terraform.io/hashicorp/aws\"]",
      "instances": [
        {
          "schema_version": 0,
          "attributes": {
            "availability_zone": null,
            "id": "arn:aws:elasticloadbalancing:us-east-1:549815925956:targetgroup/terraform-hello-app1/cd32cff74c9cb4e4-20210712062705424100000002",
            "port": 80,
            "target_group_arn": "arn:aws:elasticloadbalancing:us-east-1:549815925956:targetgroup/terraform-hello-app1/cd32cff74c9cb4e4",
            "target_id": "i-081636cf480968408"
          },
          "sensitive_attributes": [],
          "private": "bnVsbA==",
          "dependencies": [
            "module.instances.aws_key_pair.instance_key",
            "module.instances.data.aws_ami.ubuntu",
            "module.load_balancers.aws_lb_target_group.target_group_app1",
            "module.network.aws_security_group.private_http_ssh",
            "module.network.aws_subnet.private_subnet2",
            "module.network.aws_vpc.main",
            "module.instances.aws_instance.app_private_instance1_subnet2"
          ]
        }
      ]
    },
    {
      "module": "module.network",
      "mode": "managed",
      "type": "aws_eip",
      "name": "nat_eip",
      "provider": "provider[\"registry.terraform.io/hashicorp/aws\"]",
      "instances": [
        {
          "schema_version": 0,
          "attributes": {
            "address": null,
            "allocation_id": null,
            "associate_with_private_ip": null,
            "association_id": "eipassoc-03721e903ff09fcfb",
            "carrier_ip": "",
            "customer_owned_ip": "",
            "customer_owned_ipv4_pool": "",
            "domain": "vpc",
            "id": "eipalloc-040f69934b5449ddf",
            "instance": "",
            "network_border_group": "us-east-1",
            "network_interface": "eni-023b487066b1d6844",
            "private_dns": "ip-10-0-1-134.ec2.internal",
            "private_ip": "10.0.1.134",
            "public_dns": "ec2-3-215-228-240.compute-1.amazonaws.com",
            "public_ip": "3.215.228.240",
            "public_ipv4_pool": "amazon",
            "tags": {
              "Name": "-ngw-eip"
            },
            "tags_all": {
              "Name": "-ngw-eip"
            },
            "timeouts": null,
            "vpc": true
          },
          "sensitive_attributes": [],
          "private": "eyJlMmJmYjczMC1lY2FhLTExZTYtOGY4OC0zNDM2M2JjN2M0YzAiOnsiZGVsZXRlIjoxODAwMDAwMDAwMDAsInJlYWQiOjkwMDAwMDAwMDAwMCwidXBkYXRlIjozMDAwMDAwMDAwMDB9fQ=="
        }
      ]
    },
    {
      "module": "module.network",
      "mode": "managed",
      "type": "aws_internet_gateway",
      "name": "igw",
      "provider": "provider[\"registry.terraform.io/hashicorp/aws\"]",
      "instances": [
        {
          "schema_version": 0,
          "attributes": {
            "arn": "arn:aws:ec2:us-east-1:549815925956:internet-gateway/igw-04c5c1a9d45e0d5e4",
            "id": "igw-04c5c1a9d45e0d5e4",
            "owner_id": "549815925956",
            "tags": {
              "Name": "-igw"
            },
            "tags_all": {
              "Name": "-igw"
            },
            "vpc_id": "vpc-0f4ca73d535fda838"
          },
          "sensitive_attributes": [],
          "private": "bnVsbA==",
          "dependencies": [
            "module.network.aws_vpc.main"
          ]
        }
      ]
    },
    {
      "module": "module.network",
      "mode": "managed",
      "type": "aws_nat_gateway",
      "name": "ngw",
      "provider": "provider[\"registry.terraform.io/hashicorp/aws\"]",
      "instances": [
        {
          "schema_version": 0,
          "attributes": {
            "allocation_id": "eipalloc-040f69934b5449ddf",
            "connectivity_type": "public",
            "id": "nat-0b681e49ab45094ad",
            "network_interface_id": "eni-023b487066b1d6844",
            "private_ip": "10.0.1.134",
            "public_ip": "3.215.228.240",
            "subnet_id": "subnet-07aedc0273fb0cf9b",
            "tags": {
              "Name": "-ngw"
            },
            "tags_all": {
              "Name": "-ngw"
            }
          },
          "sensitive_attributes": [],
          "private": "bnVsbA==",
          "dependencies": [
            "module.network.aws_internet_gateway.igw",
            "module.network.aws_subnet.public_subnet1",
            "module.network.aws_vpc.main",
            "module.network.aws_eip.nat_eip"
          ]
        }
      ]
    },
    {
      "module": "module.network",
      "mode": "managed",
      "type": "aws_route_table",
      "name": "route_table_private",
      "provider": "provider[\"registry.terraform.io/hashicorp/aws\"]",
      "instances": [
        {
          "schema_version": 0,
          "attributes": {
            "arn": "arn:aws:ec2:us-east-1:549815925956:route-table/rtb-0c531561d10d7104a",
            "id": "rtb-0c531561d10d7104a",
            "owner_id": "549815925956",
            "propagating_vgws": [],
            "route": [
              {
                "carrier_gateway_id": "",
                "cidr_block": "0.0.0.0/0",
                "destination_prefix_list_id": "",
                "egress_only_gateway_id": "",
                "gateway_id": "",
                "instance_id": "",
                "ipv6_cidr_block": "",
                "local_gateway_id": "",
                "nat_gateway_id": "nat-0b681e49ab45094ad",
                "network_interface_id": "",
                "transit_gateway_id": "",
                "vpc_endpoint_id": "",
                "vpc_peering_connection_id": ""
              }
            ],
            "tags": {
              "Name": "-private"
            },
            "tags_all": {
              "Name": "-private"
            },
            "vpc_id": "vpc-0f4ca73d535fda838"
          },
          "sensitive_attributes": [],
          "private": "bnVsbA==",
          "dependencies": [
            "module.network.aws_subnet.public_subnet1",
            "module.network.aws_vpc.main",
            "module.network.aws_eip.nat_eip",
            "module.network.aws_internet_gateway.igw",
            "module.network.aws_nat_gateway.ngw"
          ]
        }
      ]
    },
    {
      "module": "module.network",
      "mode": "managed",
      "type": "aws_route_table",
      "name": "route_table_public",
      "provider": "provider[\"registry.terraform.io/hashicorp/aws\"]",
      "instances": [
        {
          "schema_version": 0,
          "attributes": {
            "arn": "arn:aws:ec2:us-east-1:549815925956:route-table/rtb-0d5bf5f9f0a89c662",
            "id": "rtb-0d5bf5f9f0a89c662",
            "owner_id": "549815925956",
            "propagating_vgws": [],
            "route": [
              {
                "carrier_gateway_id": "",
                "cidr_block": "0.0.0.0/0",
                "destination_prefix_list_id": "",
                "egress_only_gateway_id": "",
                "gateway_id": "igw-04c5c1a9d45e0d5e4",
                "instance_id": "",
                "ipv6_cidr_block": "",
                "local_gateway_id": "",
                "nat_gateway_id": "",
                "network_interface_id": "",
                "transit_gateway_id": "",
                "vpc_endpoint_id": "",
                "vpc_peering_connection_id": ""
              }
            ],
            "tags": {
              "Name": "-public"
            },
            "tags_all": {
              "Name": "-public"
            },
            "vpc_id": "vpc-0f4ca73d535fda838"
          },
          "sensitive_attributes": [],
          "private": "bnVsbA==",
          "dependencies": [
            "module.network.aws_internet_gateway.igw",
            "module.network.aws_vpc.main"
          ]
        }
      ]
    },
    {
      "module": "module.network",
      "mode": "managed",
      "type": "aws_route_table_association",
      "name": "private_subnet1_route_table",
      "provider": "provider[\"registry.terraform.io/hashicorp/aws\"]",
      "instances": [
        {
          "schema_version": 0,
          "attributes": {
            "gateway_id": "",
            "id": "rtbassoc-0b4af790f09eafb98",
            "route_table_id": "rtb-0c531561d10d7104a",
            "subnet_id": "subnet-0982b60a4c83c5768"
          },
          "sensitive_attributes": [],
          "private": "bnVsbA==",
          "dependencies": [
            "module.network.aws_subnet.private_subnet1",
            "module.network.aws_subnet.public_subnet1",
            "module.network.aws_vpc.main",
            "module.network.aws_eip.nat_eip",
            "module.network.aws_internet_gateway.igw",
            "module.network.aws_nat_gateway.ngw",
            "module.network.aws_route_table.route_table_private"
          ]
        }
      ]
    },
    {
      "module": "module.network",
      "mode": "managed",
      "type": "aws_route_table_association",
      "name": "private_subnet2_route_table",
      "provider": "provider[\"registry.terraform.io/hashicorp/aws\"]",
      "instances": [
        {
          "schema_version": 0,
          "attributes": {
            "gateway_id": "",
            "id": "rtbassoc-059a7c03563e97e31",
            "route_table_id": "rtb-0c531561d10d7104a",
            "subnet_id": "subnet-04fc38c56fc6245c9"
          },
          "sensitive_attributes": [],
          "private": "bnVsbA==",
          "dependencies": [
            "module.network.aws_nat_gateway.ngw",
            "module.network.aws_route_table.route_table_private",
            "module.network.aws_subnet.private_subnet2",
            "module.network.aws_subnet.public_subnet1",
            "module.network.aws_vpc.main",
            "module.network.aws_eip.nat_eip",
            "module.network.aws_internet_gateway.igw"
          ]
        }
      ]
    },
    {
      "module": "module.network",
      "mode": "managed",
      "type": "aws_route_table_association",
      "name": "public_subnet1_route_table",
      "provider": "provider[\"registry.terraform.io/hashicorp/aws\"]",
      "instances": [
        {
          "schema_version": 0,
          "attributes": {
            "gateway_id": "",
            "id": "rtbassoc-0d4e643b22bb00a5a",
            "route_table_id": "rtb-0d5bf5f9f0a89c662",
            "subnet_id": "subnet-07aedc0273fb0cf9b"
          },
          "sensitive_attributes": [],
          "private": "bnVsbA==",
          "dependencies": [
            "module.network.aws_subnet.public_subnet1",
            "module.network.aws_vpc.main",
            "module.network.aws_internet_gateway.igw",
            "module.network.aws_route_table.route_table_public"
          ]
        }
      ]
    },
    {
      "module": "module.network",
      "mode": "managed",
      "type": "aws_route_table_association",
      "name": "public_subnet2_route_table",
      "provider": "provider[\"registry.terraform.io/hashicorp/aws\"]",
      "instances": [
        {
          "schema_version": 0,
          "attributes": {
            "gateway_id": "",
            "id": "rtbassoc-0a8cd4a84c086994f",
            "route_table_id": "rtb-0d5bf5f9f0a89c662",
            "subnet_id": "subnet-07e26f75287d9785e"
          },
          "sensitive_attributes": [],
          "private": "bnVsbA==",
          "dependencies": [
            "module.network.aws_internet_gateway.igw",
            "module.network.aws_route_table.route_table_public",
            "module.network.aws_subnet.public_subnet2",
            "module.network.aws_vpc.main"
          ]
        }
      ]
    },
    {
      "module": "module.network",
      "mode": "managed",
      "type": "aws_security_group",
      "name": "alb_default_sec_grp",
      "provider": "provider[\"registry.terraform.io/hashicorp/aws\"]",
      "instances": [
        {
          "schema_version": 1,
          "attributes": {
            "arn": "arn:aws:ec2:us-east-1:549815925956:security-group/sg-03317b2a417d35f96",
            "description": "Allow inbound http(s) and ssh traffic",
            "egress": [
              {
                "cidr_blocks": [
                  "0.0.0.0/0"
                ],
                "description": "",
                "from_port": 0,
                "ipv6_cidr_blocks": [],
                "prefix_list_ids": [],
                "protocol": "-1",
                "security_groups": [],
                "self": false,
                "to_port": 0
              }
            ],
            "id": "sg-03317b2a417d35f96",
            "ingress": [
              {
                "cidr_blocks": [
                  "0.0.0.0/0"
                ],
                "description": "TLS from VPC",
                "from_port": 80,
                "ipv6_cidr_blocks": [],
                "prefix_list_ids": [],
                "protocol": "tcp",
                "security_groups": [],
                "self": false,
                "to_port": 80
              }
            ],
            "name": "alb-main-sec-group",
            "name_prefix": "",
            "owner_id": "549815925956",
            "revoke_rules_on_delete": false,
            "tags": {
              "Name": "alb-main-sec-group"
            },
            "tags_all": {
              "Name": "alb-main-sec-group"
            },
            "timeouts": null,
            "vpc_id": "vpc-0f4ca73d535fda838"
          },
          "sensitive_attributes": [],
          "private": "eyJlMmJmYjczMC1lY2FhLTExZTYtOGY4OC0zNDM2M2JjN2M0YzAiOnsiY3JlYXRlIjo2MDAwMDAwMDAwMDAsImRlbGV0ZSI6OTAwMDAwMDAwMDAwfSwic2NoZW1hX3ZlcnNpb24iOiIxIn0=",
          "dependencies": [
            "module.network.aws_vpc.main"
          ]
        }
      ]
    },
    {
      "module": "module.network",
      "mode": "managed",
      "type": "aws_security_group",
      "name": "default_http_ssh",
      "provider": "provider[\"registry.terraform.io/hashicorp/aws\"]",
      "instances": [
        {
          "schema_version": 1,
          "attributes": {
            "arn": "arn:aws:ec2:us-east-1:549815925956:security-group/sg-02d7fb0a6bb22c679",
            "description": "Allow inbound http(s) and ssh traffic",
            "egress": [
              {
                "cidr_blocks": [
                  "0.0.0.0/0"
                ],
                "description": "",
                "from_port": 0,
                "ipv6_cidr_blocks": [],
                "prefix_list_ids": [],
                "protocol": "-1",
                "security_groups": [],
                "self": false,
                "to_port": 0
              }
            ],
            "id": "sg-02d7fb0a6bb22c679",
            "ingress": [
              {
                "cidr_blocks": [
                  "10.0.0.0/16"
                ],
                "description": "TLS from VPC",
                "from_port": 443,
                "ipv6_cidr_blocks": [],
                "prefix_list_ids": [],
                "protocol": "tcp",
                "security_groups": [],
                "self": false,
                "to_port": 443
              },
              {
                "cidr_blocks": [
                  "10.0.0.0/16"
                ],
                "description": "TLS from VPC",
                "from_port": 80,
                "ipv6_cidr_blocks": [],
                "prefix_list_ids": [],
                "protocol": "tcp",
                "security_groups": [
                  "sg-03317b2a417d35f96"
                ],
                "self": false,
                "to_port": 80
              },
              {
                "cidr_blocks": [
                  "116.74.177.35/32",
                  "10.0.0.0/16"
                ],
                "description": "TLS from VPC",
                "from_port": 22,
                "ipv6_cidr_blocks": [],
                "prefix_list_ids": [],
                "protocol": "tcp",
                "security_groups": [],
                "self": false,
                "to_port": 22
              }
            ],
            "name": "default-http-ssh",
            "name_prefix": "",
            "owner_id": "549815925956",
            "revoke_rules_on_delete": false,
            "tags": {
              "Name": "default-http-ssh"
            },
            "tags_all": {
              "Name": "default-http-ssh"
            },
            "timeouts": null,
            "vpc_id": "vpc-0f4ca73d535fda838"
          },
          "sensitive_attributes": [],
          "private": "eyJlMmJmYjczMC1lY2FhLTExZTYtOGY4OC0zNDM2M2JjN2M0YzAiOnsiY3JlYXRlIjo2MDAwMDAwMDAwMDAsImRlbGV0ZSI6OTAwMDAwMDAwMDAwfSwic2NoZW1hX3ZlcnNpb24iOiIxIn0=",
          "dependencies": [
            "module.network.aws_vpc.main",
            "module.network.aws_security_group.alb_default_sec_grp"
          ]
        }
      ]
    },
    {
      "module": "module.network",
      "mode": "managed",
      "type": "aws_security_group",
      "name": "private_http_ssh",
      "provider": "provider[\"registry.terraform.io/hashicorp/aws\"]",
      "instances": [
        {
          "schema_version": 1,
          "attributes": {
            "arn": "arn:aws:ec2:us-east-1:549815925956:security-group/sg-0ebc30da9c9c29a3b",
            "description": "Allow inbound http(s) and ssh traffic",
            "egress": [
              {
                "cidr_blocks": [
                  "0.0.0.0/0"
                ],
                "description": "",
                "from_port": 0,
                "ipv6_cidr_blocks": [],
                "prefix_list_ids": [],
                "protocol": "-1",
                "security_groups": [],
                "self": false,
                "to_port": 0
              }
            ],
            "id": "sg-0ebc30da9c9c29a3b",
            "ingress": [
              {
                "cidr_blocks": [
                  "10.0.0.0/16"
                ],
                "description": "TLS from VPC",
                "from_port": 22,
                "ipv6_cidr_blocks": [],
                "prefix_list_ids": [],
                "protocol": "tcp",
                "security_groups": [],
                "self": false,
                "to_port": 22
              },
              {
                "cidr_blocks": [
                  "10.0.0.0/16"
                ],
                "description": "TLS from VPC",
                "from_port": 443,
                "ipv6_cidr_blocks": [],
                "prefix_list_ids": [],
                "protocol": "tcp",
                "security_groups": [],
                "self": false,
                "to_port": 443
              },
              {
                "cidr_blocks": [
                  "10.0.0.0/16"
                ],
                "description": "TLS from VPC",
                "from_port": 80,
                "ipv6_cidr_blocks": [],
                "prefix_list_ids": [],
                "protocol": "tcp",
                "security_groups": [],
                "self": false,
                "to_port": 80
              }
            ],
            "name": "private-http-ssh",
            "name_prefix": "",
            "owner_id": "549815925956",
            "revoke_rules_on_delete": false,
            "tags": {
              "Name": "private-http-ssh"
            },
            "tags_all": {
              "Name": "private-http-ssh"
            },
            "timeouts": null,
            "vpc_id": "vpc-0f4ca73d535fda838"
          },
          "sensitive_attributes": [],
          "private": "eyJlMmJmYjczMC1lY2FhLTExZTYtOGY4OC0zNDM2M2JjN2M0YzAiOnsiY3JlYXRlIjo2MDAwMDAwMDAwMDAsImRlbGV0ZSI6OTAwMDAwMDAwMDAwfSwic2NoZW1hX3ZlcnNpb24iOiIxIn0=",
          "dependencies": [
            "module.network.aws_vpc.main"
          ]
        }
      ]
    },
    {
      "module": "module.network",
      "mode": "managed",
      "type": "aws_security_group",
      "name": "rds_sec_grp",
      "provider": "provider[\"registry.terraform.io/hashicorp/aws\"]",
      "instances": [
        {
          "schema_version": 1,
          "attributes": {
            "arn": "arn:aws:ec2:us-east-1:549815925956:security-group/sg-0b84cd7423e8ff620",
            "description": "Allow inbound http(s) and ssh traffic",
            "egress": [
              {
                "cidr_blocks": [
                  "0.0.0.0/0"
                ],
                "description": "",
                "from_port": 0,
                "ipv6_cidr_blocks": [],
                "prefix_list_ids": [],
                "protocol": "-1",
                "security_groups": [],
                "self": false,
                "to_port": 0
              }
            ],
            "id": "sg-0b84cd7423e8ff620",
            "ingress": [
              {
                "cidr_blocks": [
                  "10.0.0.0/16"
                ],
                "description": "TLS from VPC",
                "from_port": 5432,
                "ipv6_cidr_blocks": [],
                "prefix_list_ids": [],
                "protocol": "tcp",
                "security_groups": [],
                "self": false,
                "to_port": 5432
              }
            ],
            "name": "rds-sec-group",
            "name_prefix": "",
            "owner_id": "549815925956",
            "revoke_rules_on_delete": false,
            "tags": {
              "Name": "rds-sec-group"
            },
            "tags_all": {
              "Name": "rds-sec-group"
            },
            "timeouts": null,
            "vpc_id": "vpc-0f4ca73d535fda838"
          },
          "sensitive_attributes": [],
          "private": "eyJlMmJmYjczMC1lY2FhLTExZTYtOGY4OC0zNDM2M2JjN2M0YzAiOnsiY3JlYXRlIjo2MDAwMDAwMDAwMDAsImRlbGV0ZSI6OTAwMDAwMDAwMDAwfSwic2NoZW1hX3ZlcnNpb24iOiIxIn0=",
          "dependencies": [
            "module.network.aws_vpc.main"
          ]
        }
      ]
    },
    {
      "module": "module.network",
      "mode": "managed",
      "type": "aws_subnet",
      "name": "private_subnet1",
      "provider": "provider[\"registry.terraform.io/hashicorp/aws\"]",
      "instances": [
        {
          "schema_version": 1,
          "attributes": {
            "arn": "arn:aws:ec2:us-east-1:549815925956:subnet/subnet-0982b60a4c83c5768",
            "assign_ipv6_address_on_creation": false,
            "availability_zone": "us-east-1a",
            "availability_zone_id": "use1-az1",
            "cidr_block": "10.0.2.0/24",
            "customer_owned_ipv4_pool": "",
            "id": "subnet-0982b60a4c83c5768",
            "ipv6_cidr_block": "",
            "ipv6_cidr_block_association_id": "",
            "map_customer_owned_ip_on_launch": false,
            "map_public_ip_on_launch": false,
            "outpost_arn": "",
            "owner_id": "549815925956",
            "tags": {
              "Name": "-private-1"
            },
            "tags_all": {
              "Name": "-private-1"
            },
            "timeouts": null,
            "vpc_id": "vpc-0f4ca73d535fda838"
          },
          "sensitive_attributes": [],
          "private": "eyJlMmJmYjczMC1lY2FhLTExZTYtOGY4OC0zNDM2M2JjN2M0YzAiOnsiY3JlYXRlIjo2MDAwMDAwMDAwMDAsImRlbGV0ZSI6MTIwMDAwMDAwMDAwMH0sInNjaGVtYV92ZXJzaW9uIjoiMSJ9",
          "dependencies": [
            "module.network.aws_vpc.main"
          ]
        }
      ]
    },
    {
      "module": "module.network",
      "mode": "managed",
      "type": "aws_subnet",
      "name": "private_subnet2",
      "provider": "provider[\"registry.terraform.io/hashicorp/aws\"]",
      "instances": [
        {
          "schema_version": 1,
          "attributes": {
            "arn": "arn:aws:ec2:us-east-1:549815925956:subnet/subnet-04fc38c56fc6245c9",
            "assign_ipv6_address_on_creation": false,
            "availability_zone": "us-east-1b",
            "availability_zone_id": "use1-az2",
            "cidr_block": "10.0.4.0/24",
            "customer_owned_ipv4_pool": "",
            "id": "subnet-04fc38c56fc6245c9",
            "ipv6_cidr_block": "",
            "ipv6_cidr_block_association_id": "",
            "map_customer_owned_ip_on_launch": false,
            "map_public_ip_on_launch": false,
            "outpost_arn": "",
            "owner_id": "549815925956",
            "tags": {
              "Name": "-private-2"
            },
            "tags_all": {
              "Name": "-private-2"
            },
            "timeouts": null,
            "vpc_id": "vpc-0f4ca73d535fda838"
          },
          "sensitive_attributes": [],
          "private": "eyJlMmJmYjczMC1lY2FhLTExZTYtOGY4OC0zNDM2M2JjN2M0YzAiOnsiY3JlYXRlIjo2MDAwMDAwMDAwMDAsImRlbGV0ZSI6MTIwMDAwMDAwMDAwMH0sInNjaGVtYV92ZXJzaW9uIjoiMSJ9",
          "dependencies": [
            "module.network.aws_vpc.main"
          ]
        }
      ]
    },
    {
      "module": "module.network",
      "mode": "managed",
      "type": "aws_subnet",
      "name": "public_subnet1",
      "provider": "provider[\"registry.terraform.io/hashicorp/aws\"]",
      "instances": [
        {
          "schema_version": 1,
          "attributes": {
            "arn": "arn:aws:ec2:us-east-1:549815925956:subnet/subnet-07aedc0273fb0cf9b",
            "assign_ipv6_address_on_creation": false,
            "availability_zone": "us-east-1a",
            "availability_zone_id": "use1-az1",
            "cidr_block": "10.0.1.0/24",
            "customer_owned_ipv4_pool": "",
            "id": "subnet-07aedc0273fb0cf9b",
            "ipv6_cidr_block": "",
            "ipv6_cidr_block_association_id": "",
            "map_customer_owned_ip_on_launch": false,
            "map_public_ip_on_launch": true,
            "outpost_arn": "",
            "owner_id": "549815925956",
            "tags": {
              "Name": "-public-1"
            },
            "tags_all": {
              "Name": "-public-1"
            },
            "timeouts": null,
            "vpc_id": "vpc-0f4ca73d535fda838"
          },
          "sensitive_attributes": [],
          "private": "eyJlMmJmYjczMC1lY2FhLTExZTYtOGY4OC0zNDM2M2JjN2M0YzAiOnsiY3JlYXRlIjo2MDAwMDAwMDAwMDAsImRlbGV0ZSI6MTIwMDAwMDAwMDAwMH0sInNjaGVtYV92ZXJzaW9uIjoiMSJ9",
          "dependencies": [
            "module.network.aws_internet_gateway.igw",
            "module.network.aws_vpc.main"
          ]
        }
      ]
    },
    {
      "module": "module.network",
      "mode": "managed",
      "type": "aws_subnet",
      "name": "public_subnet2",
      "provider": "provider[\"registry.terraform.io/hashicorp/aws\"]",
      "instances": [
        {
          "schema_version": 1,
          "attributes": {
            "arn": "arn:aws:ec2:us-east-1:549815925956:subnet/subnet-07e26f75287d9785e",
            "assign_ipv6_address_on_creation": false,
            "availability_zone": "us-east-1b",
            "availability_zone_id": "use1-az2",
            "cidr_block": "10.0.3.0/24",
            "customer_owned_ipv4_pool": "",
            "id": "subnet-07e26f75287d9785e",
            "ipv6_cidr_block": "",
            "ipv6_cidr_block_association_id": "",
            "map_customer_owned_ip_on_launch": false,
            "map_public_ip_on_launch": true,
            "outpost_arn": "",
            "owner_id": "549815925956",
            "tags": {
              "Name": "-public-2"
            },
            "tags_all": {
              "Name": "-public-2"
            },
            "timeouts": null,
            "vpc_id": "vpc-0f4ca73d535fda838"
          },
          "sensitive_attributes": [],
          "private": "eyJlMmJmYjczMC1lY2FhLTExZTYtOGY4OC0zNDM2M2JjN2M0YzAiOnsiY3JlYXRlIjo2MDAwMDAwMDAwMDAsImRlbGV0ZSI6MTIwMDAwMDAwMDAwMH0sInNjaGVtYV92ZXJzaW9uIjoiMSJ9",
          "dependencies": [
            "module.network.aws_internet_gateway.igw",
            "module.network.aws_vpc.main"
          ]
        }
      ]
    },
    {
      "module": "module.network",
      "mode": "managed",
      "type": "aws_vpc",
      "name": "main",
      "provider": "provider[\"registry.terraform.io/hashicorp/aws\"]",
      "instances": [
        {
          "schema_version": 1,
          "attributes": {
            "arn": "arn:aws:ec2:us-east-1:549815925956:vpc/vpc-0f4ca73d535fda838",
            "assign_generated_ipv6_cidr_block": false,
            "cidr_block": "10.0.0.0/16",
            "default_network_acl_id": "acl-0b93d0106a3d8b8be",
            "default_route_table_id": "rtb-029276787920bcb11",
            "default_security_group_id": "sg-09f61033c7997a0bd",
            "dhcp_options_id": "dopt-ccc7f6b6",
            "enable_classiclink": false,
            "enable_classiclink_dns_support": false,
            "enable_dns_hostnames": false,
            "enable_dns_support": true,
            "id": "vpc-0f4ca73d535fda838",
            "instance_tenancy": "default",
            "ipv6_association_id": "",
            "ipv6_cidr_block": "",
            "main_route_table_id": "rtb-029276787920bcb11",
            "owner_id": "549815925956",
            "tags": {
              "Name": ""
            },
            "tags_all": {
              "Name": ""
            }
          },
          "sensitive_attributes": [],
          "private": "eyJzY2hlbWFfdmVyc2lvbiI6IjEifQ=="
        }
      ]
    },
    {
      "module": "module.rds",
      "mode": "managed",
      "type": "aws_db_instance",
      "name": "app_rds_postgres",
      "provider": "provider[\"registry.terraform.io/hashicorp/aws\"]",
      "instances": [
        {
          "schema_version": 1,
          "attributes": {
            "address": "terraform-20210712062642424200000001.cvvsdkzb7rd3.us-east-1.rds.amazonaws.com",
            "allocated_storage": 10,
            "allow_major_version_upgrade": null,
            "apply_immediately": null,
            "arn": "arn:aws:rds:us-east-1:549815925956:db:terraform-20210712062642424200000001",
            "auto_minor_version_upgrade": true,
            "availability_zone": "us-east-1a",
            "backup_retention_period": 0,
            "backup_window": "07:35-08:05",
            "ca_cert_identifier": "rds-ca-2019",
            "character_set_name": null,
            "copy_tags_to_snapshot": false,
            "db_subnet_group_name": "rds-subnet",
            "delete_automated_backups": true,
            "deletion_protection": false,
            "domain": "",
            "domain_iam_role_name": "",
            "enabled_cloudwatch_logs_exports": [],
            "endpoint": "terraform-20210712062642424200000001.cvvsdkzb7rd3.us-east-1.rds.amazonaws.com:5432",
            "engine": "postgres",
            "engine_version": "13.2",
            "final_snapshot_identifier": null,
            "hosted_zone_id": "Z2R2ITUGPM61AM",
            "iam_database_authentication_enabled": false,
            "id": "terraform-20210712062642424200000001",
            "identifier": "terraform-20210712062642424200000001",
            "identifier_prefix": null,
            "instance_class": "db.t3.micro",
            "iops": 0,
            "kms_key_id": "",
            "latest_restorable_time": "0001-01-01T00:00:00Z",
            "license_model": "postgresql-license",
            "maintenance_window": "thu:04:39-thu:05:09",
            "max_allocated_storage": 0,
            "monitoring_interval": 0,
            "monitoring_role_arn": "",
            "multi_az": false,
            "name": "appdb",
            "option_group_name": "default:postgres-13",
            "parameter_group_name": "default.postgres13",
            "password": "terraform123$",
            "performance_insights_enabled": false,
            "performance_insights_kms_key_id": "",
            "performance_insights_retention_period": 0,
            "port": 5432,
            "publicly_accessible": false,
            "replicas": [],
            "replicate_source_db": "",
            "resource_id": "db-NGUGJCFNUWODKC3ZNGN3LGTHHQ",
            "restore_to_point_in_time": [],
            "s3_import": [],
            "security_group_names": [],
            "skip_final_snapshot": true,
            "snapshot_identifier": null,
            "status": "available",
            "storage_encrypted": false,
            "storage_type": "gp2",
            "tags": {},
            "tags_all": {},
            "timeouts": null,
            "timezone": "",
            "username": "terraform",
            "vpc_security_group_ids": [
              "sg-0b84cd7423e8ff620"
            ]
          },
          "sensitive_attributes": [],
          "private": "eyJlMmJmYjczMC1lY2FhLTExZTYtOGY4OC0zNDM2M2JjN2M0YzAiOnsiY3JlYXRlIjoyNDAwMDAwMDAwMDAwLCJkZWxldGUiOjM2MDAwMDAwMDAwMDAsInVwZGF0ZSI6NDgwMDAwMDAwMDAwMH0sInNjaGVtYV92ZXJzaW9uIjoiMSJ9",
          "dependencies": [
            "module.network.aws_subnet.private_subnet1",
            "module.network.aws_subnet.private_subnet2",
            "module.network.aws_vpc.main",
            "module.rds.aws_db_subnet_group.rds_subnet",
            "module.network.aws_security_group.rds_sec_grp"
          ]
        }
      ]
    },
    {
      "module": "module.rds",
      "mode": "managed",
      "type": "aws_db_subnet_group",
      "name": "rds_subnet",
      "provider": "provider[\"registry.terraform.io/hashicorp/aws\"]",
      "instances": [
        {
          "schema_version": 0,
          "attributes": {
            "arn": "arn:aws:rds:us-east-1:549815925956:subgrp:rds-subnet",
            "description": "Managed by Terraform",
            "id": "rds-subnet",
            "name": "rds-subnet",
            "name_prefix": null,
            "subnet_ids": [
              "subnet-04fc38c56fc6245c9",
              "subnet-0982b60a4c83c5768"
            ],
            "tags": {
              "Name": "rds-subnet"
            },
            "tags_all": {
              "Name": "rds-subnet"
            }
          },
          "sensitive_attributes": [],
          "private": "bnVsbA==",
          "dependencies": [
            "module.network.aws_subnet.private_subnet1",
            "module.network.aws_subnet.private_subnet2",
            "module.network.aws_vpc.main"
          ]
        }
      ]
    }
  ]
}
